
Microsoft Visual Studio Solution File, Format Version 12.00
# Visual Studio Version 16
VisualStudioVersion = 25.0.1704.2
MinimumVisualStudioVersion = 10.0.40219.1
Project("{FAE04EC0-301F-11D3-BF4B-00C04F79EFBC}") = "KnowledgeCheck1_Calculator", "KnowledgeCheck1_Calculator.csproj", "{C6D516AE-2FB0-4855-A965-50D2F90422C8}"
EndProject
Global
	GlobalSection(SolutionConfigurationPlatforms) = preSolution
		Debug|Any CPU = Debug|Any CPU
		Release|Any CPU = Release|Any CPU
	EndGlobalSection
	GlobalSection(ProjectConfigurationPlatforms) = postSolution
		{C6D516AE-2FB0-4855-A965-50D2F90422C8}.Debug|Any CPU.ActiveCfg = Debug|Any CPU
		{C6D516AE-2FB0-4855-A965-50D2F90422C8}.Debug|Any CPU.Build.0 = Debug|Any CPU
		{C6D516AE-2FB0-4855-A965-50D2F90422C8}.Release|Any CPU.ActiveCfg = Release|Any CPU
		{C6D516AE-2FB0-4855-A965-50D2F90422C8}.Release|Any CPU.Build.0 = Release|Any CPU
	EndGlobalSection
	GlobalSection(SolutionProperties) = preSolution
		HideSolutionNode = FALSE
	EndGlobalSection
	GlobalSection(ExtensibilityGlobals) = postSolution
		SolutionGuid = {F961D9AB-4267-487E-BBD3-E5B8A0B2F805}
	EndGlobalSection
EndGlobal
